
Microsoft Visual Studio Solution File, Format Version 12.00
# Visual Studio Version 17
VisualStudioVersion = 17.0.31903.59
MinimumVisualStudioVersion = 10.0.40219.1
Project("{2150E333-8FDC-42A3-9474-1A3956D46DE8}") = "src", "src", "{22769251-A563-4955-89CE-3CDC86F4D6F5}"
EndProject
Project("{2150E333-8FDC-42A3-9474-1A3956D46DE8}") = "tests", "tests", "{4B8F14D0-3D58-4B95-A789-9E3C25FE43BF}"
EndProject
Project("{9A19103F-16F7-4668-BE54-9A1E7A4F7556}") = "Blog.Domain", "src\Bolog.Domain\Blog.Domain.csproj", "{A8765F45-8645-4449-989D-41841F4065AA}"
EndProject
Project("{2150E333-8FDC-42A3-9474-1A3956D46DE8}") = "Shared", "Shared", "{21EA91CD-F631-43CA-975A-1D47DFB26A68}"
EndProject
Project("{9A19103F-16F7-4668-BE54-9A1E7A4F7556}") = "Blog.BuildingBlocks", "src\shared\Blog.BuildingBlocks\Blog.BuildingBlocks.csproj", "{56F16EE2-3F6D-4598-A430-0A9746EDB48A}"
EndProject
Project("{9A19103F-16F7-4668-BE54-9A1E7A4F7556}") = "ConsoleAppFor Test", "src\shared\ConsoleAppFor Test\ConsoleAppFor Test.csproj", "{AA96BFA6-B67B-4B72-AD5A-536772C82DC2}"
EndProject
Global
	GlobalSection(SolutionConfigurationPlatforms) = preSolution
		Debug|Any CPU = Debug|Any CPU
		Release|Any CPU = Release|Any CPU
	EndGlobalSection
	GlobalSection(ProjectConfigurationPlatforms) = postSolution
		{A8765F45-8645-4449-989D-41841F4065AA}.Debug|Any CPU.ActiveCfg = Debug|Any CPU
		{A8765F45-8645-4449-989D-41841F4065AA}.Debug|Any CPU.Build.0 = Debug|Any CPU
		{A8765F45-8645-4449-989D-41841F4065AA}.Release|Any CPU.ActiveCfg = Release|Any CPU
		{A8765F45-8645-4449-989D-41841F4065AA}.Release|Any CPU.Build.0 = Release|Any CPU
		{56F16EE2-3F6D-4598-A430-0A9746EDB48A}.Debug|Any CPU.ActiveCfg = Debug|Any CPU
		{56F16EE2-3F6D-4598-A430-0A9746EDB48A}.Debug|Any CPU.Build.0 = Debug|Any CPU
		{56F16EE2-3F6D-4598-A430-0A9746EDB48A}.Release|Any CPU.ActiveCfg = Release|Any CPU
		{56F16EE2-3F6D-4598-A430-0A9746EDB48A}.Release|Any CPU.Build.0 = Release|Any CPU
		{AA96BFA6-B67B-4B72-AD5A-536772C82DC2}.Debug|Any CPU.ActiveCfg = Debug|Any CPU
		{AA96BFA6-B67B-4B72-AD5A-536772C82DC2}.Debug|Any CPU.Build.0 = Debug|Any CPU
		{AA96BFA6-B67B-4B72-AD5A-536772C82DC2}.Release|Any CPU.ActiveCfg = Release|Any CPU
		{AA96BFA6-B67B-4B72-AD5A-536772C82DC2}.Release|Any CPU.Build.0 = Release|Any CPU
	EndGlobalSection
	GlobalSection(SolutionProperties) = preSolution
		HideSolutionNode = FALSE
	EndGlobalSection
	GlobalSection(NestedProjects) = preSolution
		{A8765F45-8645-4449-989D-41841F4065AA} = {22769251-A563-4955-89CE-3CDC86F4D6F5}
		{21EA91CD-F631-43CA-975A-1D47DFB26A68} = {22769251-A563-4955-89CE-3CDC86F4D6F5}
		{56F16EE2-3F6D-4598-A430-0A9746EDB48A} = {21EA91CD-F631-43CA-975A-1D47DFB26A68}
		{AA96BFA6-B67B-4B72-AD5A-536772C82DC2} = {21EA91CD-F631-43CA-975A-1D47DFB26A68}
	EndGlobalSection
	GlobalSection(ExtensibilityGlobals) = postSolution
		SolutionGuid = {8EB88963-6855-418B-9D35-E5325D6BD80D}
	EndGlobalSection
EndGlobal
